
Microsoft Visual Studio Solution File, Format Version 12.00
# Visual Studio 2013
VisualStudioVersion = 12.0.40629.0
MinimumVisualStudioVersion = 10.0.40219.1
Project("{FAE04EC0-301F-11D3-BF4B-00C04F79EFBC}") = "WebApp", "WebApp\WebApp.csproj", "{71FC19FD-B618-44EC-B3C6-F46FD72E5766}"
EndProject
Global
	GlobalSection(SolutionConfigurationPlatforms) = preSolution
		Debug|Any CPU = Debug|Any CPU
		Release|Any CPU = Release|Any CPU
	EndGlobalSection
	GlobalSection(ProjectConfigurationPlatforms) = postSolution
		{71FC19FD-B618-44EC-B3C6-F46FD72E5766}.Debug|Any CPU.ActiveCfg = Debug|Any CPU
		{71FC19FD-B618-44EC-B3C6-F46FD72E5766}.Debug|Any CPU.Build.0 = Debug|Any CPU
		{71FC19FD-B618-44EC-B3C6-F46FD72E5766}.Release|Any CPU.ActiveCfg = Release|Any CPU
		{71FC19FD-B618-44EC-B3C6-F46FD72E5766}.Release|Any CPU.Build.0 = Release|Any CPU
	EndGlobalSection
	GlobalSection(SolutionProperties) = preSolution
		HideSolutionNode = FALSE
	EndGlobalSection
EndGlobal
